
Microsoft Visual Studio Solution File, Format Version 12.00
# Visual Studio Version 17
VisualStudioVersion = 17.5.002.0
MinimumVisualStudioVersion = 10.0.40219.1
Project("{9A19103F-16F7-4668-BE54-9A1E7A4F7556}") = "Aula05", "Aula05.csproj", "{AD305178-96A8-4B37-B759-3F630306EC42}"
EndProject
Global
	GlobalSection(SolutionConfigurationPlatforms) = preSolution
		Debug|Any CPU = Debug|Any CPU
		Release|Any CPU = Release|Any CPU
	EndGlobalSection
	GlobalSection(ProjectConfigurationPlatforms) = postSolution
		{AD305178-96A8-4B37-B759-3F630306EC42}.Debug|Any CPU.ActiveCfg = Debug|Any CPU
		{AD305178-96A8-4B37-B759-3F630306EC42}.Debug|Any CPU.Build.0 = Debug|Any CPU
		{AD305178-96A8-4B37-B759-3F630306EC42}.Release|Any CPU.ActiveCfg = Release|Any CPU
		{AD305178-96A8-4B37-B759-3F630306EC42}.Release|Any CPU.Build.0 = Release|Any CPU
	EndGlobalSection
	GlobalSection(SolutionProperties) = preSolution
		HideSolutionNode = FALSE
	EndGlobalSection
	GlobalSection(ExtensibilityGlobals) = postSolution
		SolutionGuid = {AF22A141-411A-48EC-918B-2BFC70806EEC}
	EndGlobalSection
EndGlobal
